{
  "version": 4,
  "terraform_version": "1.2.6",
  "serial": 36,
  "lineage": "ff0b1674-8996-74a5-1dfe-c12a55a67697",
  "outputs": {},
  "resources": [
    {
      "mode": "data",
      "type": "newrelic_entity",
      "name": "app_name",
      "provider": "provider[\"registry.terraform.io/newrelic/newrelic\"]",
      "instances": [
        {
          "schema_version": 0,
          "attributes": {
            "account_id": 3552620,
            "application_id": 1008099177,
            "domain": "APM",
            "guid": "MzU1MjYyMHxBUE18QVBQTElDQVRJT058MTAwODA5OTE3Nw",
            "id": "MzU1MjYyMHxBUE18QVBQTElDQVRJT058MTAwODA5OTE3Nw",
            "ignore_case": false,
            "name": "Demo_app_for_new_relic_one",
            "serving_apm_application_id": null,
            "tag": null,
            "type": "APPLICATION"
          },
          "sensitive_attributes": []
        }
      ]
    },
    {
      "mode": "managed",
      "type": "newrelic_alert_policy",
      "name": "alert_policy_name",
      "provider": "provider[\"registry.terraform.io/newrelic/newrelic\"]",
      "instances": [
        {
          "schema_version": 0,
          "attributes": {
            "account_id": 3552620,
            "channel_ids": null,
            "id": "3449352",
            "incident_preference": "PER_POLICY",
            "name": "My Alert Policy Name"
          },
          "sensitive_attributes": [],
          "private": "bnVsbA=="
        }
      ]
    },
    {
      "mode": "managed",
      "type": "newrelic_alert_policy",
      "name": "my_alert_policy",
      "provider": "provider[\"registry.terraform.io/newrelic/newrelic\"]",
      "instances": [
        {
          "schema_version": 0,
          "attributes": {
            "account_id": 3552620,
            "channel_ids": null,
            "id": "3447705",
            "incident_preference": "PER_POLICY",
            "name": "NEW_demo_alert_policy"
          },
          "sensitive_attributes": [],
          "private": "bnVsbA=="
        }
      ]
    },
    {
      "mode": "managed",
      "type": "newrelic_entity_tags",
      "name": "tags_new",
      "provider": "provider[\"registry.terraform.io/newrelic/newrelic\"]",
      "instances": [
        {
          "schema_version": 0,
          "attributes": {
            "guid": "MzU1MjYyMHxBUE18QVBQTElDQVRJT058MTAwODA5OTE3Nw",
            "id": "MzU1MjYyMHxBUE18QVBQTElDQVRJT058MTAwODA5OTE3Nw",
            "tag": [
              {
                "key": "my-key",
                "values": [
                  "my-other-value",
                  "my-value"
                ]
              },
              {
                "key": "my-key-2",
                "values": [
                  "my-value-2"
                ]
              }
            ],
            "timeouts": null
          },
          "sensitive_attributes": [],
          "private": "eyJlMmJmYjczMC1lY2FhLTExZTYtOGY4OC0zNDM2M2JjN2M0YzAiOnsiY3JlYXRlIjoxMDAwMDAwMDAwMH19",
          "dependencies": [
            "data.newrelic_entity.app_name"
          ]
        }
      ]
    },
    {
      "mode": "managed",
      "type": "newrelic_nrql_alert_condition",
      "name": "foo",
      "provider": "provider[\"registry.terraform.io/newrelic/newrelic\"]",
      "instances": [
        {
          "schema_version": 0,
          "attributes": {
            "account_id": 3552620,
            "aggregation_delay": "120",
            "aggregation_method": "event_flow",
            "aggregation_timer": null,
            "aggregation_window": 60,
            "baseline_direction": null,
            "close_violations_on_expiration": false,
            "critical": [
              {
                "duration": 0,
                "operator": "above",
                "threshold": 5.5,
                "threshold_duration": 300,
                "threshold_occurrences": "all",
                "time_function": ""
              }
            ],
            "description": "Alert when transactions are taking too long",
            "enabled": true,
            "entity_guid": "MzU1MjYyMHxBSU9QU3xDT05ESVRJT058MjY5OTk2MDk",
            "expiration_duration": 0,
            "fill_option": "none",
            "fill_value": 0,
            "id": "3449352:26999609",
            "name": "foo",
            "nrql": [
              {
                "evaluation_offset": 0,
                "query": "SELECT average(duration) FROM Transaction where appName = 'Demo_app_for_new_relic_one'",
                "since_value": ""
              }
            ],
            "open_violation_on_expiration": false,
            "policy_id": 3449352,
            "runbook_url": "https://www.example.com",
            "slide_by": null,
            "term": [],
            "type": "static",
            "value_function": "SINGLE_VALUE",
            "violation_time_limit": "ONE_HOUR",
            "violation_time_limit_seconds": 3600,
            "warning": []
          },
          "sensitive_attributes": [],
          "private": "bnVsbA==",
          "dependencies": [
            "data.newrelic_entity.app_name",
            "newrelic_alert_policy.alert_policy_name"
          ]
        }
      ]
    },
    {
      "mode": "managed",
      "type": "newrelic_one_dashboard",
      "name": "exampledash",
      "provider": "provider[\"registry.terraform.io/newrelic/newrelic\"]",
      "instances": [
        {
          "schema_version": 0,
          "attributes": {
            "account_id": 3552620,
            "description": null,
            "guid": "MzU1MjYyMHxWSVp8REFTSEJPQVJEfGRhOjE2ODI0NzI",
            "id": "MzU1MjYyMHxWSVp8REFTSEJPQVJEfGRhOjE2ODI0NzI",
            "name": "New Relic other dashboard",
            "page": [
              {
                "description": "",
                "guid": "MzU1MjYyMHxWSVp8REFTSEJPQVJEfDUxMzMyODE",
                "name": "Dashboard2",
                "widget_area": [],
                "widget_bar": [
                  {
                    "column": 7,
                    "filter_current_dashboard": false,
                    "height": 3,
                    "id": "91347415",
                    "ignore_time_range": false,
                    "linked_entity_guids": [],
                    "nrql_query": [
                      {
                        "account_id": 3552620,
                        "query": "FROM Transaction SELECT average(duration) FACET appName"
                      }
                    ],
                    "row": 1,
                    "title": "Average transaction duration, by application",
                    "width": 6
                  },
                  {
                    "column": 1,
                    "filter_current_dashboard": true,
                    "height": 3,
                    "id": "91347416",
                    "ignore_time_range": false,
                    "linked_entity_guids": [
                      "MzU1MjYyMHxWSVp8REFTSEJPQVJEfDUxMzMyODE"
                    ],
                    "nrql_query": [
                      {
                        "account_id": 3552620,
                        "query": "FROM Transaction SELECT average(duration) FACET appName"
                      }
                    ],
                    "row": 4,
                    "title": "Average transaction duration, by application",
                    "width": 6
                  }
                ],
                "widget_billboard": [
                  {
                    "column": 1,
                    "critical": "",
                    "height": 3,
                    "id": "91347417",
                    "ignore_time_range": false,
                    "nrql_query": [
                      {
                        "account_id": 3552620,
                        "query": "FROM Transaction SELECT rate(count(*), 1 minute)"
                      }
                    ],
                    "row": 1,
                    "title": "Requests per minute",
                    "warning": "",
                    "width": 6
                  }
                ],
                "widget_bullet": [],
                "widget_funnel": [],
                "widget_heatmap": [],
                "widget_histogram": [],
                "widget_json": [],
                "widget_line": [
                  {
                    "column": 7,
                    "height": 3,
                    "id": "91347418",
                    "ignore_time_range": false,
                    "nrql_query": [
                      {
                        "account_id": 3552620,
                        "query": "FROM Transaction SELECT average(duration) FACET appName"
                      },
                      {
                        "account_id": 3552620,
                        "query": "FROM Transaction SELECT rate(count(*), 1 minute)"
                      }
                    ],
                    "row": 4,
                    "title": "Average transaction duration and the request per minute, by application",
                    "width": 6
                  }
                ],
                "widget_log_table": [],
                "widget_markdown": [
                  {
                    "column": 1,
                    "height": 3,
                    "id": "91347419",
                    "ignore_time_range": false,
                    "row": 7,
                    "text": "### Helpful Links\n\n* [New Relic One](https://one.newrelic.com)\n* [Developer Portal](https://developer.newrelic.com)",
                    "title": "Dashboard Note",
                    "width": 12
                  }
                ],
                "widget_pie": [],
                "widget_stacked_bar": [],
                "widget_table": []
              }
            ],
            "permalink": "https://one.newrelic.com/redirect/entity/MzU1MjYyMHxWSVp8REFTSEJPQVJEfGRhOjE2ODI0NzI",
            "permissions": "public_read_only"
          },
          "sensitive_attributes": [],
          "private": "bnVsbA=="
        }
      ]
    },
    {
      "mode": "managed",
      "type": "newrelic_one_dashboard_raw",
      "name": "new_dash",
      "provider": "provider[\"registry.terraform.io/newrelic/newrelic\"]",
      "instances": [
        {
          "schema_version": 0,
          "attributes": {
            "account_id": 3552620,
            "description": null,
            "guid": "MzU1MjYyMHxWSVp8REFTSEJPQVJEfGRhOjE2ODI0MTY",
            "id": "MzU1MjYyMHxWSVp8REFTSEJPQVJEfGRhOjE2ODI0MTY",
            "name": "New Relic dashboard demo",
            "page": [
              {
                "description": "",
                "guid": "MzU1MjYyMHxWSVp8REFTSEJPQVJEfDUxMzMxOTc",
                "name": "Dashboard",
                "widget": [
                  {
                    "column": 5,
                    "configuration": "{\"legend\":{\"enabled\":false},\"nrqlQueries\":[{\"accountId\":\"3552620\",\"query\":\"SELECT average(loadAverageOneMinute), average(loadAverageFiveMinute), average(loadAverageFifteenMinute) from SystemSample SINCE 60 minutes ago    TIMESERIES\"}],\"yAxisLeft\":{\"max\":100,\"min\":50,\"zero\":false}}",
                    "height": 8,
                    "id": "91346505",
                    "linked_entity_guids": [],
                    "row": 5,
                    "title": "Custom widget",
                    "visualization_id": "viz.bar",
                    "width": 7
                  },
                  {
                    "column": 5,
                    "configuration": "{\"nrqlQueries\":[{\"accountId\":\"3552620\",\"query\":\"SELECT average(cpuPercent) FROM SystemSample since 3 hours ago facet hostname limit 400\"}]}",
                    "height": 8,
                    "id": "91346504",
                    "linked_entity_guids": [],
                    "row": 5,
                    "title": "Server CPU",
                    "visualization_id": "viz.bar",
                    "width": 7
                  },
                  {
                    "column": 5,
                    "configuration": "{\"facet\":{\"showOtherSeries\":false},\"nrqlQueries\":[{\"accountId\":\"3552620\",\"query\":\"SELECT average(cpuPercent) FROM SystemSample since 3 hours ago facet hostname limit 400\"}]}",
                    "height": 7,
                    "id": "91346503",
                    "linked_entity_guids": [],
                    "row": 5,
                    "title": "Docker Server CPU",
                    "visualization_id": "viz.bar",
                    "width": 8
                  }
                ]
              }
            ],
            "permalink": "https://one.newrelic.com/redirect/entity/MzU1MjYyMHxWSVp8REFTSEJPQVJEfGRhOjE2ODI0MTY",
            "permissions": "public_read_only"
          },
          "sensitive_attributes": [],
          "private": "bnVsbA=="
        }
      ]
    },
    {
      "mode": "managed",
      "type": "newrelic_service_level",
      "name": "Service_level_response",
      "provider": "provider[\"registry.terraform.io/newrelic/newrelic\"]",
      "instances": [
        {
          "schema_version": 0,
          "attributes": {
            "description": "Proportion of requests that are served faster than a threshold.",
            "events": [
              {
                "account_id": 3552620,
                "bad_events": [],
                "good_events": [
                  {
                    "from": "Transaction",
                    "where": "appName = 'Demo_app_for_new_relic_one' AND (transactionType= 'Web') AND duration \u003c 0.1"
                  }
                ],
                "valid_events": [
                  {
                    "from": "Transaction",
                    "where": "appName = 'Demo_app_for_new_relic_one' AND (transactionType='Web')"
                  }
                ]
              }
            ],
            "guid": "MzU1MjYyMHxBUE18QVBQTElDQVRJT058MTAwODA5OTE3Nw",
            "id": "3552620:335374:MzU1MjYyMHxBUE18QVBQTElDQVRJT058MTAwODA5OTE3Nw",
            "name": "Latency",
            "objective": [
              {
                "description": "",
                "name": "",
                "target": 99,
                "time_window": [
                  {
                    "rolling": [
                      {
                        "count": 7,
                        "unit": "DAY"
                      }
                    ]
                  }
                ]
              }
            ],
            "sli_guid": "MzU1MjYyMHxFWFR8U0VSVklDRV9MRVZFTHwzMzUzNzQ",
            "sli_id": "335374"
          },
          "sensitive_attributes": [],
          "private": "bnVsbA=="
        }
      ]
    }
  ]
}
